
Microsoft Visual Studio Solution File, Format Version 12.00
# Visual Studio Version 16
VisualStudioVersion = 16.0.29215.179
MinimumVisualStudioVersion = 10.0.40219.1
Project("{FAE04EC0-301F-11D3-BF4B-00C04F79EFBC}") = "GieldaL2.TResultsViewer.API", "GieldaL2.TResultsViewer.API\GieldaL2.TResultsViewer.API.csproj", "{F599EE76-DB6D-43CC-81F5-208B3E4B328C}"
EndProject
Global
	GlobalSection(SolutionConfigurationPlatforms) = preSolution
		Debug|Any CPU = Debug|Any CPU
		Release|Any CPU = Release|Any CPU
	EndGlobalSection
	GlobalSection(ProjectConfigurationPlatforms) = postSolution
		{F599EE76-DB6D-43CC-81F5-208B3E4B328C}.Debug|Any CPU.ActiveCfg = Debug|Any CPU
		{F599EE76-DB6D-43CC-81F5-208B3E4B328C}.Debug|Any CPU.Build.0 = Debug|Any CPU
		{F599EE76-DB6D-43CC-81F5-208B3E4B328C}.Release|Any CPU.ActiveCfg = Release|Any CPU
		{F599EE76-DB6D-43CC-81F5-208B3E4B328C}.Release|Any CPU.Build.0 = Release|Any CPU
	EndGlobalSection
	GlobalSection(SolutionProperties) = preSolution
		HideSolutionNode = FALSE
	EndGlobalSection
	GlobalSection(ExtensibilityGlobals) = postSolution
		SolutionGuid = {7DDEE61F-D07E-468F-BCF3-42A2DFCC9AFC}
	EndGlobalSection
EndGlobal
